
Microsoft Visual Studio Solution File, Format Version 12.00
# Visual Studio 15
VisualStudioVersion = 15.0.28010.2016
MinimumVisualStudioVersion = 10.0.40219.1
Project("{FAE04EC0-301F-11D3-BF4B-00C04F79EFBC}") = "task1", "task1\task1.csproj", "{F1C89FDF-5834-42B7-913E-D0F1964000DA}"
EndProject
Global
	GlobalSection(SolutionConfigurationPlatforms) = preSolution
		Debug|Any CPU = Debug|Any CPU
		Release|Any CPU = Release|Any CPU
	EndGlobalSection
	GlobalSection(ProjectConfigurationPlatforms) = postSolution
		{F1C89FDF-5834-42B7-913E-D0F1964000DA}.Debug|Any CPU.ActiveCfg = Debug|Any CPU
		{F1C89FDF-5834-42B7-913E-D0F1964000DA}.Debug|Any CPU.Build.0 = Debug|Any CPU
		{F1C89FDF-5834-42B7-913E-D0F1964000DA}.Release|Any CPU.ActiveCfg = Release|Any CPU
		{F1C89FDF-5834-42B7-913E-D0F1964000DA}.Release|Any CPU.Build.0 = Release|Any CPU
	EndGlobalSection
	GlobalSection(SolutionProperties) = preSolution
		HideSolutionNode = FALSE
	EndGlobalSection
	GlobalSection(ExtensibilityGlobals) = postSolution
		SolutionGuid = {CD0D289A-81B6-4FFE-9497-CFE2B39A95F3}
	EndGlobalSection
EndGlobal
